// !$*UTF8*$!
{
	archiveVersion = 1;
	classes = {
	};
	objectVersion = 46;
	objects = {

/* Begin PBXBuildFile section */
		439F31F01F7ADD9400D18C69 /* AppDelegate.swift in Sources */ = {isa = PBXBuildFile; fileRef = 439F31EF1F7ADD9400D18C69 /* AppDelegate.swift */; };
		439F31F21F7ADD9400D18C69 /* ViewController.swift in Sources */ = {isa = PBXBuildFile; fileRef = 439F31F11F7ADD9400D18C69 /* ViewController.swift */; };
		439F31F51F7ADD9400D18C69 /* Main.storyboard in Resources */ = {isa = PBXBuildFile; fileRef = 439F31F31F7ADD9400D18C69 /* Main.storyboard */; };
		439F31F71F7ADD9400D18C69 /* Assets.xcassets in Resources */ = {isa = PBXBuildFile; fileRef = 439F31F61F7ADD9400D18C69 /* Assets.xcassets */; };
		439F31FA1F7ADD9400D18C69 /* LaunchScreen.storyboard in Resources */ = {isa = PBXBuildFile; fileRef = 439F31F81F7ADD9400D18C69 /* LaunchScreen.storyboard */; };
		439F32051F7ADD9400D18C69 /* Monic_Trinomial_FactorizationTests.swift in Sources */ = {isa = PBXBuildFile; fileRef = 439F32041F7ADD9400D18C69 /* Monic_Trinomial_FactorizationTests.swift */; };
/* End PBXBuildFile section */

/* Begin PBXContainerItemProxy section */
		439F32011F7ADD9400D18C69 /* PBXContainerItemProxy */ = {
			isa = PBXContainerItemProxy;
			containerPortal = 439F31E41F7ADD9400D18C69 /* Project object */;
			proxyType = 1;
			remoteGlobalIDString = 439F31EB1F7ADD9400D18C69;
			remoteInfo = "Monic Trinomial Factorization";
		};
/* End PBXContainerItemProxy section */

/* Begin PBXFileReference section */
		439F31EC1F7ADD9400D18C69 /* Monic Trinomial Factorization.app */ = {isa = PBXFileReference; explicitFileType = wrapper.application; includeInIndex = 0; path = "Monic Trinomial Factorization.app"; sourceTree = BUILT_PRODUCTS_DIR; };
		439F31EF1F7ADD9400D18C69 /* AppDelegate.swift */ = {isa = PBXFileReference; lastKnownFileType = sourcecode.swift; path = AppDelegate.swift; sourceTree = "<group>"; };
		439F31F11F7ADD9400D18C69 /* ViewController.swift */ = {isa = PBXFileReference; lastKnownFileType = sourcecode.swift; path = ViewController.swift; sourceTree = "<group>"; };
		439F31F41F7ADD9400D18C69 /* Base */ = {isa = PBXFileReference; lastKnownFileType = file.storyboard; name = Base; path = Base.lproj/Main.storyboard; sourceTree = "<group>"; };
		439F31F61F7ADD9400D18C69 /* Assets.xcassets */ = {isa = PBXFileReference; lastKnownFileType = folder.assetcatalog; path = Assets.xcassets; sourceTree = "<group>"; };
		439F31F91F7ADD9400D18C69 /* Base */ = {isa = PBXFileReference; lastKnownFileType = file.storyboard; name = Base; path = Base.lproj/LaunchScreen.storyboard; sourceTree = "<group>"; };
		439F31FB1F7ADD9400D18C69 /* Info.plist */ = {isa = PBXFileReference; lastKnownFileType = text.plist.xml; path = Info.plist; sourceTree = "<group>"; };
		439F32001F7ADD9400D18C69 /* Monic Trinomial FactorizationTests.xctest */ = {isa = PBXFileReference; explicitFileType = wrapper.cfbundle; includeInIndex = 0; path = "Monic Trinomial FactorizationTests.xctest"; sourceTree = BUILT_PRODUCTS_DIR; };
		439F32041F7ADD9400D18C69 /* Monic_Trinomial_FactorizationTests.swift */ = {isa = PBXFileReference; lastKnownFileType = sourcecode.swift; path = Monic_Trinomial_FactorizationTests.swift; sourceTree = "<group>"; };
		439F32061F7ADD9400D18C69 /* Info.plist */ = {isa = PBXFileReference; lastKnownFileType = text.plist.xml; path = Info.plist; sourceTree = "<group>"; };
/* End PBXFileReference section */

/* Begin PBXFrameworksBuildPhase section */
		439F31E91F7ADD9400D18C69 /* Frameworks */ = {
			isa = PBXFrameworksBuildPhase;
			buildActionMask = 2147483647;
			files = (
			);
			runOnlyForDeploymentPostprocessing = 0;
		};
		439F31FD1F7ADD9400D18C69 /* Frameworks */ = {
			isa = PBXFrameworksBuildPhase;
			buildActionMask = 2147483647;
			files = (
			);
			runOnlyForDeploymentPostprocessing = 0;
		};
/* End PBXFrameworksBuildPhase section */

/* Begin PBXGroup section */
		439F31E31F7ADD9400D18C69 = {
			isa = PBXGroup;
			children = (
				439F31EE1F7ADD9400D18C69 /* Monic Trinomial Factorization */,
				439F32031F7ADD9400D18C69 /* Monic Trinomial FactorizationTests */,
				439F31ED1F7ADD9400D18C69 /* Products */,
			);
			sourceTree = "<group>";
		};
		439F31ED1F7ADD9400D18C69 /* Products */ = {
			isa = PBXGroup;
			children = (
				439F31EC1F7ADD9400D18C69 /* Monic Trinomial Factorization.app */,
				439F32001F7ADD9400D18C69 /* Monic Trinomial FactorizationTests.xctest */,
			);
			name = Products;
			sourceTree = "<group>";
		};
		439F31EE1F7ADD9400D18C69 /* Monic Trinomial Factorization */ = {
			isa = PBXGroup;
			children = (
				439F31EF1F7ADD9400D18C69 /* AppDelegate.swift */,
				439F31F11F7ADD9400D18C69 /* ViewController.swift */,
				439F31F31F7ADD9400D18C69 /* Main.storyboard */,
				439F31F61F7ADD9400D18C69 /* Assets.xcassets */,
				439F31F81F7ADD9400D18C69 /* LaunchScreen.storyboard */,
				439F31FB1F7ADD9400D18C69 /* Info.plist */,
			);
			path = "Monic Trinomial Factorization";
			sourceTree = "<group>";
		};
		439F32031F7ADD9400D18C69 /* Monic Trinomial FactorizationTests */ = {
			isa = PBXGroup;
			children = (
				439F32041F7ADD9400D18C69 /* Monic_Trinomial_FactorizationTests.swift */,
				439F32061F7ADD9400D18C69 /* Info.plist */,
			);
			path = "Monic Trinomial FactorizationTests";
			sourceTree = "<group>";
		};
/* End PBXGroup section */

/* Begin PBXNativeTarget section */
		439F31EB1F7ADD9400D18C69 /* Monic Trinomial Factorization */ = {
			isa = PBXNativeTarget;
			buildConfigurationList = 439F32091F7ADD9400D18C69 /* Build configuration list for PBXNativeTarget "Monic Trinomial Factorization" */;
			buildPhases = (
				439F31E81F7ADD9400D18C69 /* Sources */,
				439F31E91F7ADD9400D18C69 /* Frameworks */,
				439F31EA1F7ADD9400D18C69 /* Resources */,
			);
			buildRules = (
			);
			dependencies = (
			);
			name = "Monic Trinomial Factorization";
			productName = "Monic Trinomial Factorization";
			productReference = 439F31EC1F7ADD9400D18C69 /* Monic Trinomial Factorization.app */;
			productType = "com.apple.product-type.application";
		};
		439F31FF1F7ADD9400D18C69 /* Monic Trinomial FactorizationTests */ = {
			isa = PBXNativeTarget;
			buildConfigurationList = 439F320C1F7ADD9400D18C69 /* Build configuration list for PBXNativeTarget "Monic Trinomial FactorizationTests" */;
			buildPhases = (
				439F31FC1F7ADD9400D18C69 /* Sources */,
				439F31FD1F7ADD9400D18C69 /* Frameworks */,
				439F31FE1F7ADD9400D18C69 /* Resources */,
			);
			buildRules = (
			);
			dependencies = (
				439F32021F7ADD9400D18C69 /* PBXTargetDependency */,
			);
			name = "Monic Trinomial FactorizationTests";
			productName = "Monic Trinomial FactorizationTests";
			productReference = 439F32001F7ADD9400D18C69 /* Monic Trinomial FactorizationTests.xctest */;
			productType = "com.apple.product-type.bundle.unit-test";
		};
/* End PBXNativeTarget section */

/* Begin PBXProject section */
		439F31E41F7ADD9400D18C69 /* Project object */ = {
			isa = PBXProject;
			attributes = {
				LastSwiftUpdateCheck = 0830;
				LastUpgradeCheck = 0830;
				ORGANIZATIONNAME = "Bon Crowder";
				TargetAttributes = {
					439F31EB1F7ADD9400D18C69 = {
						CreatedOnToolsVersion = 8.3.3;
						DevelopmentTeam = C9286A6CEQ;
						ProvisioningStyle = Automatic;
					};
					439F31FF1F7ADD9400D18C69 = {
						CreatedOnToolsVersion = 8.3.3;
						DevelopmentTeam = C9286A6CEQ;
						ProvisioningStyle = Automatic;
						TestTargetID = 439F31EB1F7ADD9400D18C69;
					};
				};
			};
			buildConfigurationList = 439F31E71F7ADD9400D18C69 /* Build configuration list for PBXProject "Monic Trinomial Factorization" */;
			compatibilityVersion = "Xcode 3.2";
			developmentRegion = English;
			hasScannedForEncodings = 0;
			knownRegions = (
				en,
				Base,
			);
			mainGroup = 439F31E31F7ADD9400D18C69;
			productRefGroup = 439F31ED1F7ADD9400D18C69 /* Products */;
			projectDirPath = "";
			projectRoot = "";
			targets = (
				439F31EB1F7ADD9400D18C69 /* Monic Trinomial Factorization */,
				439F31FF1F7ADD9400D18C69 /* Monic Trinomial FactorizationTests */,
			);
		};
/* End PBXProject section */

/* Begin PBXResourcesBuildPhase section */
		439F31EA1F7ADD9400D18C69 /* Resources */ = {
			isa = PBXResourcesBuildPhase;
			buildActionMask = 2147483647;
			files = (
				439F31FA1F7ADD9400D18C69 /* LaunchScreen.storyboard in Resources */,
				439F31F71F7ADD9400D18C69 /* Assets.xcassets in Resources */,
				439F31F51F7ADD9400D18C69 /* Main.storyboard in Resources */,
			);
			runOnlyForDeploymentPostprocessing = 0;
		};
		439F31FE1F7ADD9400D18C69 /* Resources */ = {
			isa = PBXResourcesBuildPhase;
			buildActionMask = 2147483647;
			files = (
			);
			runOnlyForDeploymentPostprocessing = 0;
		};
/* End PBXResourcesBuildPhase section */

/* Begin PBXSourcesBuildPhase section */
		439F31E81F7ADD9400D18C69 /* Sources */ = {
			isa = PBXSourcesBuildPhase;
			buildActionMask = 2147483647;
			files = (
				439F31F21F7ADD9400D18C69 /* ViewController.swift in Sources */,
				439F31F01F7ADD9400D18C69 /* AppDelegate.swift in Sources */,
			);
			runOnlyForDeploymentPostprocessing = 0;
		};
		439F31FC1F7ADD9400D18C69 /* Sources */ = {
			isa = PBXSourcesBuildPhase;
			buildActionMask = 2147483647;
			files = (
				439F32051F7ADD9400D18C69 /* Monic_Trinomial_FactorizationTests.swift in Sources */,
			);
			runOnlyForDeploymentPostprocessing = 0;
		};
/* End PBXSourcesBuildPhase section */

/* Begin PBXTargetDependency section */
		439F32021F7ADD9400D18C69 /* PBXTargetDependency */ = {
			isa = PBXTargetDependency;
			target = 439F31EB1F7ADD9400D18C69 /* Monic Trinomial Factorization */;
			targetProxy = 439F32011F7ADD9400D18C69 /* PBXContainerItemProxy */;
		};
/* End PBXTargetDependency section */

/* Begin PBXVariantGroup section */
		439F31F31F7ADD9400D18C69 /* Main.storyboard */ = {
			isa = PBXVariantGroup;
			children = (
				439F31F41F7ADD9400D18C69 /* Base */,
			);
			name = Main.storyboard;
			sourceTree = "<group>";
		};
		439F31F81F7ADD9400D18C69 /* LaunchScreen.storyboard */ = {
			isa = PBXVariantGroup;
			children = (
				439F31F91F7ADD9400D18C69 /* Base */,
			);
			name = LaunchScreen.storyboard;
			sourceTree = "<group>";
		};
/* End PBXVariantGroup section */

/* Begin XCBuildConfiguration section */
		439F32071F7ADD9400D18C69 /* Debug */ = {
			isa = XCBuildConfiguration;
			buildSettings = {
				ALWAYS_SEARCH_USER_PATHS = NO;
				CLANG_ANALYZER_NONNULL = YES;
				CLANG_ANALYZER_NUMBER_OBJECT_CONVERSION = YES_AGGRESSIVE;
				CLANG_CXX_LANGUAGE_STANDARD = "gnu++0x";
				CLANG_CXX_LIBRARY = "libc++";
				CLANG_ENABLE_MODULES = YES;
				CLANG_ENABLE_OBJC_ARC = YES;
				CLANG_WARN_BOOL_CONVERSION = YES;
				CLANG_WARN_CONSTANT_CONVERSION = YES;
				CLANG_WARN_DIRECT_OBJC_ISA_USAGE = YES_ERROR;
				CLANG_WARN_DOCUMENTATION_COMMENTS = YES;
				CLANG_WARN_EMPTY_BODY = YES;
				CLANG_WARN_ENUM_CONVERSION = YES;
				CLANG_WARN_INFINITE_RECURSION = YES;
				CLANG_WARN_INT_CONVERSION = YES;
				CLANG_WARN_OBJC_ROOT_CLASS = YES_ERROR;
				CLANG_WARN_SUSPICIOUS_MOVE = YES;
				CLANG_WARN_UNREACHABLE_CODE = YES;
				CLANG_WARN__DUPLICATE_METHOD_MATCH = YES;
				"CODE_SIGN_IDENTITY[sdk=iphoneos*]" = "iPhone Developer";
				COPY_PHASE_STRIP = NO;
				DEBUG_INFORMATION_FORMAT = dwarf;
				ENABLE_STRICT_OBJC_MSGSEND = YES;
				ENABLE_TESTABILITY = YES;
				GCC_C_LANGUAGE_STANDARD = gnu99;
				GCC_DYNAMIC_NO_PIC = NO;
				GCC_NO_COMMON_BLOCKS = YES;
				GCC_OPTIMIZATION_LEVEL = 0;
				GCC_PREPROCESSOR_DEFINITIONS = (
					"DEBUG=1",
					"$(inherited)",
				);
				GCC_WARN_64_TO_32_BIT_CONVERSION = YES;
				GCC_WARN_ABOUT_RETURN_TYPE = YES_ERROR;
				GCC_WARN_UNDECLARED_SELECTOR = YES;
				GCC_WARN_UNINITIALIZED_AUTOS = YES_AGGRESSIVE;
				GCC_WARN_UNUSED_FUNCTION = YES;
				GCC_WARN_UNUSED_VARIABLE = YES;
				IPHONEOS_DEPLOYMENT_TARGET = 10.3;
				MTL_ENABLE_DEBUG_INFO = YES;
				ONLY_ACTIVE_ARCH = YES;
				SDKROOT = iphoneos;
				SWIFT_ACTIVE_COMPILATION_CONDITIONS = DEBUG;
				SWIFT_OPTIMIZATION_LEVEL = "-Onone";
				TARGETED_DEVICE_FAMILY = "1,2";
			};
			name = Debug;
		};
		439F32081F7ADD9400D18C69 /* Release */ = {
			isa = XCBuildConfiguration;
			buildSettings = {
				ALWAYS_SEARCH_USER_PATHS = NO;
				CLANG_ANALYZER_NONNULL = YES;
				CLANG_ANALYZER_NUMBER_OBJECT_CONVERSION = YES_AGGRESSIVE;
				CLANG_CXX_LANGUAGE_STANDARD = "gnu++0x";
				CLANG_CXX_LIBRARY = "libc++";
				CLANG_ENABLE_MODULES = YES;
				CLANG_ENABLE_OBJC_ARC = YES;
				CLANG_WARN_BOOL_CONVERSION = YES;
				CLANG_WARN_CONSTANT_CONVERSION = YES;
				CLANG_WARN_DIRECT_OBJC_ISA_USAGE = YES_ERROR;
				CLANG_WARN_DOCUMENTATION_COMMENTS = YES;
				CLANG_WARN_EMPTY_BODY = YES;
				CLANG_WARN_ENUM_CONVERSION = YES;
				CLANG_WARN_INFINITE_RECURSION = YES;
				CLANG_WARN_INT_CONVERSION = YES;
				CLANG_WARN_OBJC_ROOT_CLASS = YES_ERROR;
				CLANG_WARN_SUSPICIOUS_MOVE = YES;
				CLANG_WARN_UNREACHABLE_CODE = YES;
				CLANG_WARN__DUPLICATE_METHOD_MATCH = YES;
				"CODE_SIGN_IDENTITY[sdk=iphoneos*]" = "iPhone Developer";
				COPY_PHASE_STRIP = NO;
				DEBUG_INFORMATION_FORMAT = "dwarf-with-dsym";
				ENABLE_NS_ASSERTIONS = NO;
				ENABLE_STRICT_OBJC_MSGSEND = YES;
				GCC_C_LANGUAGE_STANDARD = gnu99;
				GCC_NO_COMMON_BLOCKS = YES;
				GCC_WARN_64_TO_32_BIT_CONVERSION = YES;
				GCC_WARN_ABOUT_RETURN_TYPE = YES_ERROR;
				GCC_WARN_UNDECLARED_SELECTOR = YES;
				GCC_WARN_UNINITIALIZED_AUTOS = YES_AGGRESSIVE;
				GCC_WARN_UNUSED_FUNCTION = YES;
				GCC_WARN_UNUSED_VARIABLE = YES;
				IPHONEOS_DEPLOYMENT_TARGET = 10.3;
				MTL_ENABLE_DEBUG_INFO = NO;
				SDKROOT = iphoneos;
				SWIFT_OPTIMIZATION_LEVEL = "-Owholemodule";
				TARGETED_DEVICE_FAMILY = "1,2";
				VALIDATE_PRODUCT = YES;
			};
			name = Release;
		};
		439F320A1F7ADD9400D18C69 /* Debug */ = {
			isa = XCBuildConfiguration;
			buildSettings = {
				ASSETCATALOG_COMPILER_APPICON_NAME = AppIcon;
				DEVELOPMENT_TEAM = C9286A6CEQ;
				INFOPLIST_FILE = "Monic Trinomial Factorization/Info.plist";
				LD_RUNPATH_SEARCH_PATHS = "$(inherited) @executable_path/Frameworks";
				PRODUCT_BUNDLE_IDENTIFIER = "com.BonCrowder.Monic-Trinomial-Factorization";
				PRODUCT_NAME = "$(TARGET_NAME)";
				SWIFT_VERSION = 3.0;
			};
			name = Debug;
		};
		439F320B1F7ADD9400D18C69 /* Release */ = {
			isa = XCBuildConfiguration;
			buildSettings = {
				ASSETCATALOG_COMPILER_APPICON_NAME = AppIcon;
				DEVELOPMENT_TEAM = C9286A6CEQ;
				INFOPLIST_FILE = "Monic Trinomial Factorization/Info.plist";
				LD_RUNPATH_SEARCH_PATHS = "$(inherited) @executable_path/Frameworks";
				PRODUCT_BUNDLE_IDENTIFIER = "com.BonCrowder.Monic-Trinomial-Factorization";
				PRODUCT_NAME = "$(TARGET_NAME)";
				SWIFT_VERSION = 3.0;
			};
			name = Release;
		};
		439F320D1F7ADD9400D18C69 /* Debug */ = {
			isa = XCBuildConfiguration;
			buildSettings = {
				ALWAYS_EMBED_SWIFT_STANDARD_LIBRARIES = YES;
				BUNDLE_LOADER = "$(TEST_HOST)";
				DEVELOPMENT_TEAM = C9286A6CEQ;
				INFOPLIST_FILE = "Monic Trinomial FactorizationTests/Info.plist";
				LD_RUNPATH_SEARCH_PATHS = "$(inherited) @executable_path/Frameworks @loader_path/Frameworks";
				PRODUCT_BUNDLE_IDENTIFIER = "com.BonCrowder.Monic-Trinomial-FactorizationTests";
				PRODUCT_NAME = "$(TARGET_NAME)";
				SWIFT_VERSION = 3.0;
				TEST_HOST = "$(BUILT_PRODUCTS_DIR)/Monic Trinomial Factorization.app/Monic Trinomial Factorization";
			};
			name = Debug;
		};
		439F320E1F7ADD9400D18C69 /* Release */ = {
			isa = XCBuildConfiguration;
			buildSettings = {
				ALWAYS_EMBED_SWIFT_STANDARD_LIBRARIES = YES;
				BUNDLE_LOADER = "$(TEST_HOST)";
				DEVELOPMENT_TEAM = C9286A6CEQ;
				INFOPLIST_FILE = "Monic Trinomial FactorizationTests/Info.plist";
				LD_RUNPATH_SEARCH_PATHS = "$(inherited) @executable_path/Frameworks @loader_path/Frameworks";
				PRODUCT_BUNDLE_IDENTIFIER = "com.BonCrowder.Monic-Trinomial-FactorizationTests";
				PRODUCT_NAME = "$(TARGET_NAME)";
				SWIFT_VERSION = 3.0;
				TEST_HOST = "$(BUILT_PRODUCTS_DIR)/Monic Trinomial Factorization.app/Monic Trinomial Factorization";
			};
			name = Release;
		};
/* End XCBuildConfiguration section */

/* Begin XCConfigurationList section */
		439F31E71F7ADD9400D18C69 /* Build configuration list for PBXProject "Monic Trinomial Factorization" */ = {
			isa = XCConfigurationList;
			buildConfigurations = (
				439F32071F7ADD9400D18C69 /* Debug */,
				439F32081F7ADD9400D18C69 /* Release */,
			);
			defaultConfigurationIsVisible = 0;
			defaultConfigurationName = Release;
		};
		439F32091F7ADD9400D18C69 /* Build configuration list for PBXNativeTarget "Monic Trinomial Factorization" */ = {
			isa = XCConfigurationList;
			buildConfigurations = (
				439F320A1F7ADD9400D18C69 /* Debug */,
				439F320B1F7ADD9400D18C69 /* Release */,
			);
			defaultConfigurationIsVisible = 0;
		};
		439F320C1F7ADD9400D18C69 /* Build configuration list for PBXNativeTarget "Monic Trinomial FactorizationTests" */ = {
			isa = XCConfigurationList;
			buildConfigurations = (
				439F320D1F7ADD9400D18C69 /* Debug */,
				439F320E1F7ADD9400D18C69 /* Release */,
			);
			defaultConfigurationIsVisible = 0;
		};
/* End XCConfigurationList section */
	};
	rootObject = 439F31E41F7ADD9400D18C69 /* Project object */;
}
